{
  "name": "@authing/mfa-component-native",
  "version": "1.0.0-alpha.15",
  "lockfileVersion": 2,
  "requires": true,
  "packages": {
    "": {
      "name": "@authing/mfa-component-native",
      "version": "1.0.0-alpha.0",
      "license": "MIT",
      "dependencies": {
        "@authing/mfa-component-shim-react": "^1.0.0-alpha.3"
      }
    },
    "node_modules/@authing/mfa-component-shim-react": {
      "version": "1.0.0-alpha.3",
      "resolved": "https://registry.npmjs.org/@authing/mfa-component-shim-react/-/mfa-component-shim-react-1.0.0-alpha.3.tgz",
      "integrity": "sha512-4Rgj/xqPLucLTI3Ib/zbwVxd1Kb01jd9XZ0CH7FBojwrRdifPG74sIJa3IJJzlNfelBoR4piSKd/HeJBmW8Aqg=="
    }
  },
  "dependencies": {
    "@authing/mfa-component-shim-react": {
      "version": "1.0.0-alpha.3",
      "resolved": "https://registry.npmjs.org/@authing/mfa-component-shim-react/-/mfa-component-shim-react-1.0.0-alpha.3.tgz",
      "integrity": "sha512-4Rgj/xqPLucLTI3Ib/zbwVxd1Kb01jd9XZ0CH7FBojwrRdifPG74sIJa3IJJzlNfelBoR4piSKd/HeJBmW8Aqg=="
    }
  }
}
