{
  "name": "@authing/mfa-component-vue2",
  "version": "1.0.0-alpha.6",
  "lockfileVersion": 2,
  "requires": true,
  "packages": {
    "": {
      "name": "@authing/mfa-component-vue2",
      "version": "1.0.0-alpha.1",
      "license": "MIT",
      "dependencies": {
        "@authing/mfa-component-native": "^1.0.0-alpha.1",
        "vue": "^2.6.10"
      }
    },
    "node_modules/@authing/mfa-component-native": {
      "version": "1.0.0-alpha.1",
      "resolved": "https://registry.npmjs.org/@authing/mfa-component-native/-/mfa-component-native-1.0.0-alpha.1.tgz",
      "integrity": "sha512-RzKzV6gqlQtqzbJTMdv43ayZ/f5n0QBkKIHBqcsTbcpre0tPUYnYo5Xhjf5+/bgbN3A3ifd8BAhaOccrICbtvg==",
      "dependencies": {
        "@authing/mfa-component-shim-react": "^1.0.0-alpha.3"
      }
    },
    "node_modules/@authing/mfa-component-shim-react": {
      "version": "1.0.0-alpha.3",
      "resolved": "https://registry.npmjs.org/@authing/mfa-component-shim-react/-/mfa-component-shim-react-1.0.0-alpha.3.tgz",
      "integrity": "sha512-4Rgj/xqPLucLTI3Ib/zbwVxd1Kb01jd9XZ0CH7FBojwrRdifPG74sIJa3IJJzlNfelBoR4piSKd/HeJBmW8Aqg=="
    },
    "node_modules/vue": {
      "version": "2.6.10",
      "resolved": "https://registry.npmjs.org/vue/-/vue-2.6.10.tgz",
      "integrity": "sha512-ImThpeNU9HbdZL3utgMCq0oiMzAkt1mcgy3/E6zWC/G6AaQoeuFdsl9nDhTDU3X1R6FK7nsIUuRACVcjI+A2GQ=="
    }
  },
  "dependencies": {
    "@authing/mfa-component-native": {
      "version": "1.0.0-alpha.1",
      "resolved": "https://registry.npmjs.org/@authing/mfa-component-native/-/mfa-component-native-1.0.0-alpha.1.tgz",
      "integrity": "sha512-RzKzV6gqlQtqzbJTMdv43ayZ/f5n0QBkKIHBqcsTbcpre0tPUYnYo5Xhjf5+/bgbN3A3ifd8BAhaOccrICbtvg==",
      "requires": {
        "@authing/mfa-component-shim-react": "^1.0.0-alpha.3"
      }
    },
    "@authing/mfa-component-shim-react": {
      "version": "1.0.0-alpha.3",
      "resolved": "https://registry.npmjs.org/@authing/mfa-component-shim-react/-/mfa-component-shim-react-1.0.0-alpha.3.tgz",
      "integrity": "sha512-4Rgj/xqPLucLTI3Ib/zbwVxd1Kb01jd9XZ0CH7FBojwrRdifPG74sIJa3IJJzlNfelBoR4piSKd/HeJBmW8Aqg=="
    },
    "vue": {
      "version": "2.6.10",
      "resolved": "https://registry.npmjs.org/vue/-/vue-2.6.10.tgz",
      "integrity": "sha512-ImThpeNU9HbdZL3utgMCq0oiMzAkt1mcgy3/E6zWC/G6AaQoeuFdsl9nDhTDU3X1R6FK7nsIUuRACVcjI+A2GQ=="
    }
  }
}
